
Microsoft Visual Studio Solution File, Format Version 12.00
# Visual Studio Version 17
VisualStudioVersion = 17.4.33213.308
MinimumVisualStudioVersion = 10.0.40219.1
Project("{FAE04EC0-301F-11D3-BF4B-00C04F79EFBC}") = "FlyyweightDesingP", "FlyyweightDesingP\FlyyweightDesingP.csproj", "{A084D9F1-CD1D-4A0E-8479-698D8A2E0E42}"
EndProject
Global
	GlobalSection(SolutionConfigurationPlatforms) = preSolution
		Debug|Any CPU = Debug|Any CPU
		Release|Any CPU = Release|Any CPU
	EndGlobalSection
	GlobalSection(ProjectConfigurationPlatforms) = postSolution
		{A084D9F1-CD1D-4A0E-8479-698D8A2E0E42}.Debug|Any CPU.ActiveCfg = Debug|Any CPU
		{A084D9F1-CD1D-4A0E-8479-698D8A2E0E42}.Debug|Any CPU.Build.0 = Debug|Any CPU
		{A084D9F1-CD1D-4A0E-8479-698D8A2E0E42}.Release|Any CPU.ActiveCfg = Release|Any CPU
		{A084D9F1-CD1D-4A0E-8479-698D8A2E0E42}.Release|Any CPU.Build.0 = Release|Any CPU
	EndGlobalSection
	GlobalSection(SolutionProperties) = preSolution
		HideSolutionNode = FALSE
	EndGlobalSection
	GlobalSection(ExtensibilityGlobals) = postSolution
		SolutionGuid = {4C77E033-D61D-485C-9F54-0BA71803FB24}
	EndGlobalSection
EndGlobal
